
Microsoft Visual Studio Solution File, Format Version 12.00
# Visual Studio Version 17
VisualStudioVersion = 17.5.002.0
MinimumVisualStudioVersion = 10.0.40219.1
Project("{9A19103F-16F7-4668-BE54-9A1E7A4F7556}") = "EManagementVSA", "EManagementVSA.csproj", "{A42A9BAD-6730-4938-B95C-3C5899E28383}"
EndProject
Global
	GlobalSection(SolutionConfigurationPlatforms) = preSolution
		Debug|Any CPU = Debug|Any CPU
		Release|Any CPU = Release|Any CPU
	EndGlobalSection
	GlobalSection(ProjectConfigurationPlatforms) = postSolution
		{A42A9BAD-6730-4938-B95C-3C5899E28383}.Debug|Any CPU.ActiveCfg = Debug|Any CPU
		{A42A9BAD-6730-4938-B95C-3C5899E28383}.Debug|Any CPU.Build.0 = Debug|Any CPU
		{A42A9BAD-6730-4938-B95C-3C5899E28383}.Release|Any CPU.ActiveCfg = Release|Any CPU
		{A42A9BAD-6730-4938-B95C-3C5899E28383}.Release|Any CPU.Build.0 = Release|Any CPU
	EndGlobalSection
	GlobalSection(SolutionProperties) = preSolution
		HideSolutionNode = FALSE
	EndGlobalSection
	GlobalSection(ExtensibilityGlobals) = postSolution
		SolutionGuid = {F446D4A2-27C2-4C00-AB3C-34742348C690}
	EndGlobalSection
EndGlobal
